
Microsoft Visual Studio Solution File, Format Version 12.00
# Visual Studio Version 17
VisualStudioVersion = 17.11.35303.130
MinimumVisualStudioVersion = 10.0.40219.1
Project("{FAE04EC0-301F-11D3-BF4B-00C04F79EFBC}") = "AtmApplication_Assignment03", "AtmApplication_Assignment03.csproj", "{CCF35271-2F99-4E2B-AD89-66D164F6248D}"
EndProject
Global
	GlobalSection(SolutionConfigurationPlatforms) = preSolution
		Debug|Any CPU = Debug|Any CPU
		Release|Any CPU = Release|Any CPU
	EndGlobalSection
	GlobalSection(ProjectConfigurationPlatforms) = postSolution
		{CCF35271-2F99-4E2B-AD89-66D164F6248D}.Debug|Any CPU.ActiveCfg = Debug|Any CPU
		{CCF35271-2F99-4E2B-AD89-66D164F6248D}.Debug|Any CPU.Build.0 = Debug|Any CPU
		{CCF35271-2F99-4E2B-AD89-66D164F6248D}.Release|Any CPU.ActiveCfg = Release|Any CPU
		{CCF35271-2F99-4E2B-AD89-66D164F6248D}.Release|Any CPU.Build.0 = Release|Any CPU
	EndGlobalSection
	GlobalSection(SolutionProperties) = preSolution
		HideSolutionNode = FALSE
	EndGlobalSection
	GlobalSection(ExtensibilityGlobals) = postSolution
		SolutionGuid = {B23AFEFC-8559-4E2E-9D2D-B757AACE64FA}
	EndGlobalSection
EndGlobal
